{
  "requires": true,
  "lockfileVersion": 1,
  "dependencies": {
    "@babel/runtime": {
      "version": "7.12.5",
      "resolved": "https://registry.npmjs.org/@babel/runtime/-/runtime-7.12.5.tgz",
      "integrity": "sha512-plcc+hbExy3McchJCEQG3knOsuh3HH+Prx1P6cLIkET/0dLuQDEnrT+s27Axgc9bqfsmNUNHfscgMUdBpC9xfg==",
      "requires": {
        "regenerator-runtime": "^0.13.4"
      }
    },
    "mini-ali-ui": {
      "version": "1.2.4",
      "resolved": "https://registry.npmjs.org/mini-ali-ui/-/mini-ali-ui-1.2.4.tgz",
      "integrity": "sha512-fsN0L5oHXv8sTr8gJ5VWSHrJl/08lqNsGfoUd0OkCAgqOh3uSednoWBvJEeUdqATc7XVW9A9ygpBGf4d+sJtyg==",
      "requires": {
        "@babel/runtime": "^7.11.2"
      }
    },
    "regenerator-runtime": {
      "version": "0.13.7",
      "resolved": "https://registry.npmjs.org/regenerator-runtime/-/regenerator-runtime-0.13.7.tgz",
      "integrity": "sha512-a54FxoJDIr27pgf7IgeQGxmqUNYrcV338lf/6gH456HZ/PhX+5BcwHXG9ajESmwe6WRO0tAzRUrRmNONWgkrew=="
    }
  }
}
